// !$*UTF8*$!
{
	archiveVersion = 1;
	classes = {
	};
	objectVersion = 56;
	objects = {

/* Begin PBXBuildFile section */
		95D801862887149E00100AB8 /* AppDelegate.swift in Sources */ = {isa = PBXBuildFile; fileRef = 95D801852887149E00100AB8 /* AppDelegate.swift */; };
		95D801882887149E00100AB8 /* SceneDelegate.swift in Sources */ = {isa = PBXBuildFile; fileRef = 95D801872887149E00100AB8 /* SceneDelegate.swift */; };
		95D8018A2887149E00100AB8 /* ViewController.swift in Sources */ = {isa = PBXBuildFile; fileRef = 95D801892887149E00100AB8 /* ViewController.swift */; };
		95D8018D2887149E00100AB8 /* Main.storyboard in Resources */ = {isa = PBXBuildFile; fileRef = 95D8018B2887149E00100AB8 /* Main.storyboard */; };
		95D8018F288714A000100AB8 /* Assets.xcassets in Resources */ = {isa = PBXBuildFile; fileRef = 95D8018E288714A000100AB8 /* Assets.xcassets */; };
		95D80192288714A000100AB8 /* LaunchScreen.storyboard in Resources */ = {isa = PBXBuildFile; fileRef = 95D80190288714A000100AB8 /* LaunchScreen.storyboard */; };
		95D8019B2887174600100AB8 /* Weather.swift in Sources */ = {isa = PBXBuildFile; fileRef = 95D8019A2887174600100AB8 /* Weather.swift */; };
		95D8019E2889BC7F00100AB8 /* URLRequest+Extensions.swift in Sources */ = {isa = PBXBuildFile; fileRef = 95D8019D2889BC7F00100AB8 /* URLRequest+Extensions.swift */; };
		95D801A12889CF4500100AB8 /* URL + Extensions.swift in Sources */ = {isa = PBXBuildFile; fileRef = 95D801A02889CF4500100AB8 /* URL + Extensions.swift */; };
		DC4AAC7EA62741B0765D3052 /* Pods_RxWeather.framework in Frameworks */ = {isa = PBXBuildFile; fileRef = D9897429AE6B2B586277C1F6 /* Pods_RxWeather.framework */; };
/* End PBXBuildFile section */

/* Begin PBXFileReference section */
		73C9EBCF098DF7C115D6E0DF /* Pods-RxWeather.release.xcconfig */ = {isa = PBXFileReference; includeInIndex = 1; lastKnownFileType = text.xcconfig; name = "Pods-RxWeather.release.xcconfig"; path = "Target Support Files/Pods-RxWeather/Pods-RxWeather.release.xcconfig"; sourceTree = "<group>"; };
		95D801822887149E00100AB8 /* RxWeather.app */ = {isa = PBXFileReference; explicitFileType = wrapper.application; includeInIndex = 0; path = RxWeather.app; sourceTree = BUILT_PRODUCTS_DIR; };
		95D801852887149E00100AB8 /* AppDelegate.swift */ = {isa = PBXFileReference; lastKnownFileType = sourcecode.swift; path = AppDelegate.swift; sourceTree = "<group>"; };
		95D801872887149E00100AB8 /* SceneDelegate.swift */ = {isa = PBXFileReference; lastKnownFileType = sourcecode.swift; path = SceneDelegate.swift; sourceTree = "<group>"; };
		95D801892887149E00100AB8 /* ViewController.swift */ = {isa = PBXFileReference; lastKnownFileType = sourcecode.swift; path = ViewController.swift; sourceTree = "<group>"; };
		95D8018C2887149E00100AB8 /* Base */ = {isa = PBXFileReference; lastKnownFileType = file.storyboard; name = Base; path = Base.lproj/Main.storyboard; sourceTree = "<group>"; };
		95D8018E288714A000100AB8 /* Assets.xcassets */ = {isa = PBXFileReference; lastKnownFileType = folder.assetcatalog; path = Assets.xcassets; sourceTree = "<group>"; };
		95D80191288714A000100AB8 /* Base */ = {isa = PBXFileReference; lastKnownFileType = file.storyboard; name = Base; path = Base.lproj/LaunchScreen.storyboard; sourceTree = "<group>"; };
		95D80193288714A000100AB8 /* Info.plist */ = {isa = PBXFileReference; lastKnownFileType = text.plist.xml; path = Info.plist; sourceTree = "<group>"; };
		95D8019A2887174600100AB8 /* Weather.swift */ = {isa = PBXFileReference; lastKnownFileType = sourcecode.swift; path = Weather.swift; sourceTree = "<group>"; };
		95D8019D2889BC7F00100AB8 /* URLRequest+Extensions.swift */ = {isa = PBXFileReference; lastKnownFileType = sourcecode.swift; path = "URLRequest+Extensions.swift"; sourceTree = "<group>"; };
		95D801A02889CF4500100AB8 /* URL + Extensions.swift */ = {isa = PBXFileReference; lastKnownFileType = sourcecode.swift; path = "URL + Extensions.swift"; sourceTree = "<group>"; };
		B6C8F3028EF4FBFB73543EB4 /* Pods-RxWeather.debug.xcconfig */ = {isa = PBXFileReference; includeInIndex = 1; lastKnownFileType = text.xcconfig; name = "Pods-RxWeather.debug.xcconfig"; path = "Target Support Files/Pods-RxWeather/Pods-RxWeather.debug.xcconfig"; sourceTree = "<group>"; };
		D9897429AE6B2B586277C1F6 /* Pods_RxWeather.framework */ = {isa = PBXFileReference; explicitFileType = wrapper.framework; includeInIndex = 0; path = Pods_RxWeather.framework; sourceTree = BUILT_PRODUCTS_DIR; };
/* End PBXFileReference section */

/* Begin PBXFrameworksBuildPhase section */
		95D8017F2887149E00100AB8 /* Frameworks */ = {
			isa = PBXFrameworksBuildPhase;
			buildActionMask = 2147483647;
			files = (
				DC4AAC7EA62741B0765D3052 /* Pods_RxWeather.framework in Frameworks */,
			);
			runOnlyForDeploymentPostprocessing = 0;
		};
/* End PBXFrameworksBuildPhase section */

/* Begin PBXGroup section */
		23486974936B7D3092044DBF /* Pods */ = {
			isa = PBXGroup;
			children = (
				B6C8F3028EF4FBFB73543EB4 /* Pods-RxWeather.debug.xcconfig */,
				73C9EBCF098DF7C115D6E0DF /* Pods-RxWeather.release.xcconfig */,
			);
			path = Pods;
			sourceTree = "<group>";
		};
		8D27B78009F7DEECDFB3AD35 /* Frameworks */ = {
			isa = PBXGroup;
			children = (
				D9897429AE6B2B586277C1F6 /* Pods_RxWeather.framework */,
			);
			name = Frameworks;
			sourceTree = "<group>";
		};
		95D801792887149E00100AB8 = {
			isa = PBXGroup;
			children = (
				95D801842887149E00100AB8 /* RxWeather */,
				95D801832887149E00100AB8 /* Products */,
				23486974936B7D3092044DBF /* Pods */,
				8D27B78009F7DEECDFB3AD35 /* Frameworks */,
			);
			sourceTree = "<group>";
		};
		95D801832887149E00100AB8 /* Products */ = {
			isa = PBXGroup;
			children = (
				95D801822887149E00100AB8 /* RxWeather.app */,
			);
			name = Products;
			sourceTree = "<group>";
		};
		95D801842887149E00100AB8 /* RxWeather */ = {
			isa = PBXGroup;
			children = (
				95D8019C2889BC7100100AB8 /* Extensions */,
				95D801992887173800100AB8 /* Models */,
				95D801852887149E00100AB8 /* AppDelegate.swift */,
				95D801872887149E00100AB8 /* SceneDelegate.swift */,
				95D801892887149E00100AB8 /* ViewController.swift */,
				95D8018B2887149E00100AB8 /* Main.storyboard */,
				95D8018E288714A000100AB8 /* Assets.xcassets */,
				95D80190288714A000100AB8 /* LaunchScreen.storyboard */,
				95D80193288714A000100AB8 /* Info.plist */,
			);
			path = RxWeather;
			sourceTree = "<group>";
		};
		95D801992887173800100AB8 /* Models */ = {
			isa = PBXGroup;
			children = (
				95D8019A2887174600100AB8 /* Weather.swift */,
			);
			path = Models;
			sourceTree = "<group>";
		};
		95D8019C2889BC7100100AB8 /* Extensions */ = {
			isa = PBXGroup;
			children = (
				95D8019D2889BC7F00100AB8 /* URLRequest+Extensions.swift */,
				95D801A02889CF4500100AB8 /* URL + Extensions.swift */,
			);
			path = Extensions;
			sourceTree = "<group>";
		};
/* End PBXGroup section */

/* Begin PBXNativeTarget section */
		95D801812887149E00100AB8 /* RxWeather */ = {
			isa = PBXNativeTarget;
			buildConfigurationList = 95D80196288714A000100AB8 /* Build configuration list for PBXNativeTarget "RxWeather" */;
			buildPhases = (
				23689C5432EAD357E01C2F1E /* [CP] Check Pods Manifest.lock */,
				95D8017E2887149E00100AB8 /* Sources */,
				95D8017F2887149E00100AB8 /* Frameworks */,
				95D801802887149E00100AB8 /* Resources */,
				37E93980676E5E9BA319FD55 /* [CP] Embed Pods Frameworks */,
			);
			buildRules = (
			);
			dependencies = (
			);
			name = RxWeather;
			productName = RxWeather;
			productReference = 95D801822887149E00100AB8 /* RxWeather.app */;
			productType = "com.apple.product-type.application";
		};
/* End PBXNativeTarget section */

/* Begin PBXProject section */
		95D8017A2887149E00100AB8 /* Project object */ = {
			isa = PBXProject;
			attributes = {
				BuildIndependentTargetsInParallel = 1;
				LastSwiftUpdateCheck = 1400;
				LastUpgradeCheck = 1400;
				TargetAttributes = {
					95D801812887149E00100AB8 = {
						CreatedOnToolsVersion = 14.0;
					};
				};
			};
			buildConfigurationList = 95D8017D2887149E00100AB8 /* Build configuration list for PBXProject "RxWeather" */;
			compatibilityVersion = "Xcode 14.0";
			developmentRegion = en;
			hasScannedForEncodings = 0;
			knownRegions = (
				en,
				Base,
			);
			mainGroup = 95D801792887149E00100AB8;
			productRefGroup = 95D801832887149E00100AB8 /* Products */;
			projectDirPath = "";
			projectRoot = "";
			targets = (
				95D801812887149E00100AB8 /* RxWeather */,
			);
		};
/* End PBXProject section */

/* Begin PBXResourcesBuildPhase section */
		95D801802887149E00100AB8 /* Resources */ = {
			isa = PBXResourcesBuildPhase;
			buildActionMask = 2147483647;
			files = (
				95D80192288714A000100AB8 /* LaunchScreen.storyboard in Resources */,
				95D8018F288714A000100AB8 /* Assets.xcassets in Resources */,
				95D8018D2887149E00100AB8 /* Main.storyboard in Resources */,
			);
			runOnlyForDeploymentPostprocessing = 0;
		};
/* End PBXResourcesBuildPhase section */

/* Begin PBXShellScriptBuildPhase section */
		23689C5432EAD357E01C2F1E /* [CP] Check Pods Manifest.lock */ = {
			isa = PBXShellScriptBuildPhase;
			buildActionMask = 2147483647;
			files = (
			);
			inputFileListPaths = (
			);
			inputPaths = (
				"${PODS_PODFILE_DIR_PATH}/Podfile.lock",
				"${PODS_ROOT}/Manifest.lock",
			);
			name = "[CP] Check Pods Manifest.lock";
			outputFileListPaths = (
			);
			outputPaths = (
				"$(DERIVED_FILE_DIR)/Pods-RxWeather-checkManifestLockResult.txt",
			);
			runOnlyForDeploymentPostprocessing = 0;
			shellPath = /bin/sh;
			shellScript = "diff \"${PODS_PODFILE_DIR_PATH}/Podfile.lock\" \"${PODS_ROOT}/Manifest.lock\" > /dev/null\nif [ $? != 0 ] ; then\n    # print error to STDERR\n    echo \"error: The sandbox is not in sync with the Podfile.lock. Run 'pod install' or update your CocoaPods installation.\" >&2\n    exit 1\nfi\n# This output is used by Xcode 'outputs' to avoid re-running this script phase.\necho \"SUCCESS\" > \"${SCRIPT_OUTPUT_FILE_0}\"\n";
			showEnvVarsInLog = 0;
		};
		37E93980676E5E9BA319FD55 /* [CP] Embed Pods Frameworks */ = {
			isa = PBXShellScriptBuildPhase;
			buildActionMask = 2147483647;
			files = (
			);
			inputFileListPaths = (
				"${PODS_ROOT}/Target Support Files/Pods-RxWeather/Pods-RxWeather-frameworks-${CONFIGURATION}-input-files.xcfilelist",
			);
			name = "[CP] Embed Pods Frameworks";
			outputFileListPaths = (
				"${PODS_ROOT}/Target Support Files/Pods-RxWeather/Pods-RxWeather-frameworks-${CONFIGURATION}-output-files.xcfilelist",
			);
			runOnlyForDeploymentPostprocessing = 0;
			shellPath = /bin/sh;
			shellScript = "\"${PODS_ROOT}/Target Support Files/Pods-RxWeather/Pods-RxWeather-frameworks.sh\"\n";
			showEnvVarsInLog = 0;
		};
/* End PBXShellScriptBuildPhase section */

/* Begin PBXSourcesBuildPhase section */
		95D8017E2887149E00100AB8 /* Sources */ = {
			isa = PBXSourcesBuildPhase;
			buildActionMask = 2147483647;
			files = (
				95D8019B2887174600100AB8 /* Weather.swift in Sources */,
				95D8018A2887149E00100AB8 /* ViewController.swift in Sources */,
				95D801862887149E00100AB8 /* AppDelegate.swift in Sources */,
				95D8019E2889BC7F00100AB8 /* URLRequest+Extensions.swift in Sources */,
				95D801882887149E00100AB8 /* SceneDelegate.swift in Sources */,
				95D801A12889CF4500100AB8 /* URL + Extensions.swift in Sources */,
			);
			runOnlyForDeploymentPostprocessing = 0;
		};
/* End PBXSourcesBuildPhase section */

/* Begin PBXVariantGroup section */
		95D8018B2887149E00100AB8 /* Main.storyboard */ = {
			isa = PBXVariantGroup;
			children = (
				95D8018C2887149E00100AB8 /* Base */,
			);
			name = Main.storyboard;
			sourceTree = "<group>";
		};
		95D80190288714A000100AB8 /* LaunchScreen.storyboard */ = {
			isa = PBXVariantGroup;
			children = (
				95D80191288714A000100AB8 /* Base */,
			);
			name = LaunchScreen.storyboard;
			sourceTree = "<group>";
		};
/* End PBXVariantGroup section */

/* Begin XCBuildConfiguration section */
		95D80194288714A000100AB8 /* Debug */ = {
			isa = XCBuildConfiguration;
			buildSettings = {
				ALWAYS_SEARCH_USER_PATHS = NO;
				CLANG_ANALYZER_NONNULL = YES;
				CLANG_ANALYZER_NUMBER_OBJECT_CONVERSION = YES_AGGRESSIVE;
				CLANG_CXX_LANGUAGE_STANDARD = "gnu++17";
				CLANG_ENABLE_MODULES = YES;
				CLANG_ENABLE_OBJC_ARC = YES;
				CLANG_ENABLE_OBJC_WEAK = YES;
				CLANG_WARN_BLOCK_CAPTURE_AUTORELEASING = YES;
				CLANG_WARN_BOOL_CONVERSION = YES;
				CLANG_WARN_COMMA = YES;
				CLANG_WARN_CONSTANT_CONVERSION = YES;
				CLANG_WARN_DEPRECATED_OBJC_IMPLEMENTATIONS = YES;
				CLANG_WARN_DIRECT_OBJC_ISA_USAGE = YES_ERROR;
				CLANG_WARN_DOCUMENTATION_COMMENTS = YES;
				CLANG_WARN_EMPTY_BODY = YES;
				CLANG_WARN_ENUM_CONVERSION = YES;
				CLANG_WARN_INFINITE_RECURSION = YES;
				CLANG_WARN_INT_CONVERSION = YES;
				CLANG_WARN_NON_LITERAL_NULL_CONVERSION = YES;
				CLANG_WARN_OBJC_IMPLICIT_RETAIN_SELF = YES;
				CLANG_WARN_OBJC_LITERAL_CONVERSION = YES;
				CLANG_WARN_OBJC_ROOT_CLASS = YES_ERROR;
				CLANG_WARN_QUOTED_INCLUDE_IN_FRAMEWORK_HEADER = YES;
				CLANG_WARN_RANGE_LOOP_ANALYSIS = YES;
				CLANG_WARN_STRICT_PROTOTYPES = YES;
				CLANG_WARN_SUSPICIOUS_MOVE = YES;
				CLANG_WARN_UNGUARDED_AVAILABILITY = YES_AGGRESSIVE;
				CLANG_WARN_UNREACHABLE_CODE = YES;
				CLANG_WARN__DUPLICATE_METHOD_MATCH = YES;
				COPY_PHASE_STRIP = NO;
				DEBUG_INFORMATION_FORMAT = dwarf;
				ENABLE_STRICT_OBJC_MSGSEND = YES;
				ENABLE_TESTABILITY = YES;
				GCC_C_LANGUAGE_STANDARD = gnu11;
				GCC_DYNAMIC_NO_PIC = NO;
				GCC_NO_COMMON_BLOCKS = YES;
				GCC_OPTIMIZATION_LEVEL = 0;
				GCC_PREPROCESSOR_DEFINITIONS = (
					"DEBUG=1",
					"$(inherited)",
				);
				GCC_WARN_64_TO_32_BIT_CONVERSION = YES;
				GCC_WARN_ABOUT_RETURN_TYPE = YES_ERROR;
				GCC_WARN_UNDECLARED_SELECTOR = YES;
				GCC_WARN_UNINITIALIZED_AUTOS = YES_AGGRESSIVE;
				GCC_WARN_UNUSED_FUNCTION = YES;
				GCC_WARN_UNUSED_VARIABLE = YES;
				IPHONEOS_DEPLOYMENT_TARGET = 16.0;
				MTL_ENABLE_DEBUG_INFO = INCLUDE_SOURCE;
				MTL_FAST_MATH = YES;
				ONLY_ACTIVE_ARCH = YES;
				SDKROOT = iphoneos;
				SWIFT_ACTIVE_COMPILATION_CONDITIONS = DEBUG;
				SWIFT_OPTIMIZATION_LEVEL = "-Onone";
			};
			name = Debug;
		};
		95D80195288714A000100AB8 /* Release */ = {
			isa = XCBuildConfiguration;
			buildSettings = {
				ALWAYS_SEARCH_USER_PATHS = NO;
				CLANG_ANALYZER_NONNULL = YES;
				CLANG_ANALYZER_NUMBER_OBJECT_CONVERSION = YES_AGGRESSIVE;
				CLANG_CXX_LANGUAGE_STANDARD = "gnu++17";
				CLANG_ENABLE_MODULES = YES;
				CLANG_ENABLE_OBJC_ARC = YES;
				CLANG_ENABLE_OBJC_WEAK = YES;
				CLANG_WARN_BLOCK_CAPTURE_AUTORELEASING = YES;
				CLANG_WARN_BOOL_CONVERSION = YES;
				CLANG_WARN_COMMA = YES;
				CLANG_WARN_CONSTANT_CONVERSION = YES;
				CLANG_WARN_DEPRECATED_OBJC_IMPLEMENTATIONS = YES;
				CLANG_WARN_DIRECT_OBJC_ISA_USAGE = YES_ERROR;
				CLANG_WARN_DOCUMENTATION_COMMENTS = YES;
				CLANG_WARN_EMPTY_BODY = YES;
				CLANG_WARN_ENUM_CONVERSION = YES;
				CLANG_WARN_INFINITE_RECURSION = YES;
				CLANG_WARN_INT_CONVERSION = YES;
				CLANG_WARN_NON_LITERAL_NULL_CONVERSION = YES;
				CLANG_WARN_OBJC_IMPLICIT_RETAIN_SELF = YES;
				CLANG_WARN_OBJC_LITERAL_CONVERSION = YES;
				CLANG_WARN_OBJC_ROOT_CLASS = YES_ERROR;
				CLANG_WARN_QUOTED_INCLUDE_IN_FRAMEWORK_HEADER = YES;
				CLANG_WARN_RANGE_LOOP_ANALYSIS = YES;
				CLANG_WARN_STRICT_PROTOTYPES = YES;
				CLANG_WARN_SUSPICIOUS_MOVE = YES;
				CLANG_WARN_UNGUARDED_AVAILABILITY = YES_AGGRESSIVE;
				CLANG_WARN_UNREACHABLE_CODE = YES;
				CLANG_WARN__DUPLICATE_METHOD_MATCH = YES;
				COPY_PHASE_STRIP = NO;
				DEBUG_INFORMATION_FORMAT = "dwarf-with-dsym";
				ENABLE_NS_ASSERTIONS = NO;
				ENABLE_STRICT_OBJC_MSGSEND = YES;
				GCC_C_LANGUAGE_STANDARD = gnu11;
				GCC_NO_COMMON_BLOCKS = YES;
				GCC_WARN_64_TO_32_BIT_CONVERSION = YES;
				GCC_WARN_ABOUT_RETURN_TYPE = YES_ERROR;
				GCC_WARN_UNDECLARED_SELECTOR = YES;
				GCC_WARN_UNINITIALIZED_AUTOS = YES_AGGRESSIVE;
				GCC_WARN_UNUSED_FUNCTION = YES;
				GCC_WARN_UNUSED_VARIABLE = YES;
				IPHONEOS_DEPLOYMENT_TARGET = 16.0;
				MTL_ENABLE_DEBUG_INFO = NO;
				MTL_FAST_MATH = YES;
				SDKROOT = iphoneos;
				SWIFT_COMPILATION_MODE = wholemodule;
				SWIFT_OPTIMIZATION_LEVEL = "-O";
				VALIDATE_PRODUCT = YES;
			};
			name = Release;
		};
		95D80197288714A000100AB8 /* Debug */ = {
			isa = XCBuildConfiguration;
			baseConfigurationReference = B6C8F3028EF4FBFB73543EB4 /* Pods-RxWeather.debug.xcconfig */;
			buildSettings = {
				ASSETCATALOG_COMPILER_APPICON_NAME = AppIcon;
				ASSETCATALOG_COMPILER_GLOBAL_ACCENT_COLOR_NAME = AccentColor;
				CODE_SIGN_STYLE = Automatic;
				CURRENT_PROJECT_VERSION = 1;
				DEVELOPMENT_TEAM = D2G7297JH8;
				GENERATE_INFOPLIST_FILE = YES;
				INFOPLIST_FILE = RxWeather/Info.plist;
				INFOPLIST_KEY_UIApplicationSupportsIndirectInputEvents = YES;
				INFOPLIST_KEY_UILaunchStoryboardName = LaunchScreen;
				INFOPLIST_KEY_UIMainStoryboardFile = Main;
				INFOPLIST_KEY_UISupportedInterfaceOrientations_iPad = "UIInterfaceOrientationPortrait UIInterfaceOrientationPortraitUpsideDown UIInterfaceOrientationLandscapeLeft UIInterfaceOrientationLandscapeRight";
				INFOPLIST_KEY_UISupportedInterfaceOrientations_iPhone = "UIInterfaceOrientationPortrait UIInterfaceOrientationLandscapeLeft UIInterfaceOrientationLandscapeRight";
				LD_RUNPATH_SEARCH_PATHS = (
					"$(inherited)",
					"@executable_path/Frameworks",
				);
				MARKETING_VERSION = 1.0;
				PRODUCT_BUNDLE_IDENTIFIER = GaranaApps.RxWeather;
				PRODUCT_NAME = "$(TARGET_NAME)";
				SWIFT_EMIT_LOC_STRINGS = YES;
				SWIFT_VERSION = 5.0;
				TARGETED_DEVICE_FAMILY = "1,2";
			};
			name = Debug;
		};
		95D80198288714A000100AB8 /* Release */ = {
			isa = XCBuildConfiguration;
			baseConfigurationReference = 73C9EBCF098DF7C115D6E0DF /* Pods-RxWeather.release.xcconfig */;
			buildSettings = {
				ASSETCATALOG_COMPILER_APPICON_NAME = AppIcon;
				ASSETCATALOG_COMPILER_GLOBAL_ACCENT_COLOR_NAME = AccentColor;
				CODE_SIGN_STYLE = Automatic;
				CURRENT_PROJECT_VERSION = 1;
				DEVELOPMENT_TEAM = D2G7297JH8;
				GENERATE_INFOPLIST_FILE = YES;
				INFOPLIST_FILE = RxWeather/Info.plist;
				INFOPLIST_KEY_UIApplicationSupportsIndirectInputEvents = YES;
				INFOPLIST_KEY_UILaunchStoryboardName = LaunchScreen;
				INFOPLIST_KEY_UIMainStoryboardFile = Main;
				INFOPLIST_KEY_UISupportedInterfaceOrientations_iPad = "UIInterfaceOrientationPortrait UIInterfaceOrientationPortraitUpsideDown UIInterfaceOrientationLandscapeLeft UIInterfaceOrientationLandscapeRight";
				INFOPLIST_KEY_UISupportedInterfaceOrientations_iPhone = "UIInterfaceOrientationPortrait UIInterfaceOrientationLandscapeLeft UIInterfaceOrientationLandscapeRight";
				LD_RUNPATH_SEARCH_PATHS = (
					"$(inherited)",
					"@executable_path/Frameworks",
				);
				MARKETING_VERSION = 1.0;
				PRODUCT_BUNDLE_IDENTIFIER = GaranaApps.RxWeather;
				PRODUCT_NAME = "$(TARGET_NAME)";
				SWIFT_EMIT_LOC_STRINGS = YES;
				SWIFT_VERSION = 5.0;
				TARGETED_DEVICE_FAMILY = "1,2";
			};
			name = Release;
		};
/* End XCBuildConfiguration section */

/* Begin XCConfigurationList section */
		95D8017D2887149E00100AB8 /* Build configuration list for PBXProject "RxWeather" */ = {
			isa = XCConfigurationList;
			buildConfigurations = (
				95D80194288714A000100AB8 /* Debug */,
				95D80195288714A000100AB8 /* Release */,
			);
			defaultConfigurationIsVisible = 0;
			defaultConfigurationName = Release;
		};
		95D80196288714A000100AB8 /* Build configuration list for PBXNativeTarget "RxWeather" */ = {
			isa = XCConfigurationList;
			buildConfigurations = (
				95D80197288714A000100AB8 /* Debug */,
				95D80198288714A000100AB8 /* Release */,
			);
			defaultConfigurationIsVisible = 0;
			defaultConfigurationName = Release;
		};
/* End XCConfigurationList section */
	};
	rootObject = 95D8017A2887149E00100AB8 /* Project object */;
}
